
Microsoft Visual Studio Solution File, Format Version 12.00
# Visual Studio Version 17
VisualStudioVersion = 17.13.35931.197 d17.13
MinimumVisualStudioVersion = 10.0.40219.1
Project("{FAE04EC0-301F-11D3-BF4B-00C04F79EFBC}") = "RobielPrinceCafe", "RobielPrinceCafe.csproj", "{0FF6AECE-01D7-482B-B207-2035F6160A40}"
EndProject
Global
	GlobalSection(SolutionConfigurationPlatforms) = preSolution
		Debug|Any CPU = Debug|Any CPU
		Release|Any CPU = Release|Any CPU
	EndGlobalSection
	GlobalSection(ProjectConfigurationPlatforms) = postSolution
		{0FF6AECE-01D7-482B-B207-2035F6160A40}.Debug|Any CPU.ActiveCfg = Debug|Any CPU
		{0FF6AECE-01D7-482B-B207-2035F6160A40}.Debug|Any CPU.Build.0 = Debug|Any CPU
		{0FF6AECE-01D7-482B-B207-2035F6160A40}.Release|Any CPU.ActiveCfg = Release|Any CPU
		{0FF6AECE-01D7-482B-B207-2035F6160A40}.Release|Any CPU.Build.0 = Release|Any CPU
	EndGlobalSection
	GlobalSection(SolutionProperties) = preSolution
		HideSolutionNode = FALSE
	EndGlobalSection
	GlobalSection(ExtensibilityGlobals) = postSolution
		SolutionGuid = {2FF17004-B6F7-4339-BA53-B191A8E4E4DB}
	EndGlobalSection
EndGlobal
